
Microsoft Visual Studio Solution File, Format Version 12.00
# Visual Studio 15
Project("{FAE04EC0-301F-11D3-BF4B-00C04F79EFBC}") = "Assembly-CSharp", "Assembly-CSharp.csproj", "{EC520F13-ED5C-B73C-8768-FD7C8272065F}"
EndProject
Project("{FAE04EC0-301F-11D3-BF4B-00C04F79EFBC}") = "Assembly-CSharp-firstpass", "Assembly-CSharp-firstpass.csproj", "{B960F068-0A02-A5DA-357F-3EE04AB94375}"
EndProject
Global
	GlobalSection(SolutionConfigurationPlatforms) = preSolution
		Debug|Any CPU = Debug|Any CPU
		Release|Any CPU = Release|Any CPU
	EndGlobalSection
	GlobalSection(ProjectConfigurationPlatforms) = postSolution
		{EC520F13-ED5C-B73C-8768-FD7C8272065F}.Debug|Any CPU.ActiveCfg = Debug|Any CPU
		{EC520F13-ED5C-B73C-8768-FD7C8272065F}.Debug|Any CPU.Build.0 = Debug|Any CPU
		{EC520F13-ED5C-B73C-8768-FD7C8272065F}.Release|Any CPU.ActiveCfg = Release|Any CPU
		{EC520F13-ED5C-B73C-8768-FD7C8272065F}.Release|Any CPU.Build.0 = Release|Any CPU
		{B960F068-0A02-A5DA-357F-3EE04AB94375}.Debug|Any CPU.ActiveCfg = Debug|Any CPU
		{B960F068-0A02-A5DA-357F-3EE04AB94375}.Debug|Any CPU.Build.0 = Debug|Any CPU
		{B960F068-0A02-A5DA-357F-3EE04AB94375}.Release|Any CPU.ActiveCfg = Release|Any CPU
		{B960F068-0A02-A5DA-357F-3EE04AB94375}.Release|Any CPU.Build.0 = Release|Any CPU
	EndGlobalSection
	GlobalSection(SolutionProperties) = preSolution
		HideSolutionNode = FALSE
	EndGlobalSection
EndGlobal
